
Microsoft Visual Studio Solution File, Format Version 12.00
# Visual Studio Version 17
VisualStudioVersion = 17.14.37012.4 d17.14
MinimumVisualStudioVersion = 10.0.40219.1
Project("{FAE04EC0-301F-11D3-BF4B-00C04F79EFBC}") = "laboratory_5", "laboratory_5.csproj", "{0D2E82B9-A072-4645-89E2-27C02C834DDE}"
EndProject
Global
	GlobalSection(SolutionConfigurationPlatforms) = preSolution
		Debug|Any CPU = Debug|Any CPU
		Release|Any CPU = Release|Any CPU
	EndGlobalSection
	GlobalSection(ProjectConfigurationPlatforms) = postSolution
		{0D2E82B9-A072-4645-89E2-27C02C834DDE}.Debug|Any CPU.ActiveCfg = Debug|Any CPU
		{0D2E82B9-A072-4645-89E2-27C02C834DDE}.Debug|Any CPU.Build.0 = Debug|Any CPU
		{0D2E82B9-A072-4645-89E2-27C02C834DDE}.Release|Any CPU.ActiveCfg = Release|Any CPU
		{0D2E82B9-A072-4645-89E2-27C02C834DDE}.Release|Any CPU.Build.0 = Release|Any CPU
	EndGlobalSection
	GlobalSection(SolutionProperties) = preSolution
		HideSolutionNode = FALSE
	EndGlobalSection
	GlobalSection(ExtensibilityGlobals) = postSolution
		SolutionGuid = {57F02225-029A-4167-80DC-13CF45B35B5B}
	EndGlobalSection
EndGlobal
